
Microsoft Visual Studio Solution File, Format Version 12.00
# Visual Studio Version 17
VisualStudioVersion = 17.0.31903.59
MinimumVisualStudioVersion = 10.0.40219.1
Project("{2150E333-8FDC-42A3-9474-1A3956D46DE8}") = "src", "src", "{827E0CD3-B72D-47B6-A68D-7590B98EB39B}"
EndProject
Project("{FAE04EC0-301F-11D3-BF4B-00C04F79EFBC}") = "task1_series_sum", "src\task1_series_sum\task1_series_sum.csproj", "{631A6581-7B34-4BCE-9026-CA412DD883F9}"
EndProject
Project("{FAE04EC0-301F-11D3-BF4B-00C04F79EFBC}") = "task2_factorial_diff", "src\task2_factorial_diff\task2_factorial_diff.csproj", "{6BB32B1E-8670-445E-AC3A-169F67A1BB63}"
EndProject
Project("{FAE04EC0-301F-11D3-BF4B-00C04F79EFBC}") = "task3_squares_sum", "src\task3_squares_sum\task3_squares_sum.csproj", "{730ADE9D-A69A-4C01-BB94-2B2E0A9DA3E8}"
EndProject
Project("{FAE04EC0-301F-11D3-BF4B-00C04F79EFBC}") = "task4_first_even_product", "src\task4_first_even_product\task4_first_even_product.csproj", "{E294BF33-684A-495D-AB3D-786150C11FF2}"
EndProject
Project("{2150E333-8FDC-42A3-9474-1A3956D46DE8}") = "tests", "tests", "{0AB3BF05-4346-4AA6-1389-037BE0695223}"
EndProject
Project("{FAE04EC0-301F-11D3-BF4B-00C04F79EFBC}") = "task1_series_sum.Tests", "tests\task1_series_sum.Tests\task1_series_sum.Tests.csproj", "{AD2F2C03-1627-4C67-89D3-A0540BA2AF16}"
EndProject
Project("{FAE04EC0-301F-11D3-BF4B-00C04F79EFBC}") = "task2_factorial_diff.Tests", "tests\task2_factorial_diff.Tests\task2_factorial_diff.Tests.csproj", "{095AB670-89A6-4D4F-8D42-6D75C36BB21F}"
EndProject
Project("{FAE04EC0-301F-11D3-BF4B-00C04F79EFBC}") = "task3_squares_sum.Tests", "tests\task3_squares_sum.Tests\task3_squares_sum.Tests.csproj", "{1795DB3F-F926-45E5-B975-BEBD5120F963}"
EndProject
Project("{FAE04EC0-301F-11D3-BF4B-00C04F79EFBC}") = "task4_first_even_product.Tests", "tests\task4_first_even_product.Tests\task4_first_even_product.Tests.csproj", "{4E214973-30EE-46B7-A547-FF6C7F35F1DA}"
EndProject
Global
	GlobalSection(SolutionConfigurationPlatforms) = preSolution
		Debug|Any CPU = Debug|Any CPU
		Debug|x64 = Debug|x64
		Debug|x86 = Debug|x86
		Release|Any CPU = Release|Any CPU
		Release|x64 = Release|x64
		Release|x86 = Release|x86
	EndGlobalSection
	GlobalSection(ProjectConfigurationPlatforms) = postSolution
		{631A6581-7B34-4BCE-9026-CA412DD883F9}.Debug|Any CPU.ActiveCfg = Debug|Any CPU
		{631A6581-7B34-4BCE-9026-CA412DD883F9}.Debug|Any CPU.Build.0 = Debug|Any CPU
		{631A6581-7B34-4BCE-9026-CA412DD883F9}.Debug|x64.ActiveCfg = Debug|Any CPU
		{631A6581-7B34-4BCE-9026-CA412DD883F9}.Debug|x64.Build.0 = Debug|Any CPU
		{631A6581-7B34-4BCE-9026-CA412DD883F9}.Debug|x86.ActiveCfg = Debug|Any CPU
		{631A6581-7B34-4BCE-9026-CA412DD883F9}.Debug|x86.Build.0 = Debug|Any CPU
		{631A6581-7B34-4BCE-9026-CA412DD883F9}.Release|Any CPU.ActiveCfg = Release|Any CPU
		{631A6581-7B34-4BCE-9026-CA412DD883F9}.Release|Any CPU.Build.0 = Release|Any CPU
		{631A6581-7B34-4BCE-9026-CA412DD883F9}.Release|x64.ActiveCfg = Release|Any CPU
		{631A6581-7B34-4BCE-9026-CA412DD883F9}.Release|x64.Build.0 = Release|Any CPU
		{631A6581-7B34-4BCE-9026-CA412DD883F9}.Release|x86.ActiveCfg = Release|Any CPU
		{631A6581-7B34-4BCE-9026-CA412DD883F9}.Release|x86.Build.0 = Release|Any CPU
		{6BB32B1E-8670-445E-AC3A-169F67A1BB63}.Debug|Any CPU.ActiveCfg = Debug|Any CPU
		{6BB32B1E-8670-445E-AC3A-169F67A1BB63}.Debug|Any CPU.Build.0 = Debug|Any CPU
		{6BB32B1E-8670-445E-AC3A-169F67A1BB63}.Debug|x64.ActiveCfg = Debug|Any CPU
		{6BB32B1E-8670-445E-AC3A-169F67A1BB63}.Debug|x64.Build.0 = Debug|Any CPU
		{6BB32B1E-8670-445E-AC3A-169F67A1BB63}.Debug|x86.ActiveCfg = Debug|Any CPU
		{6BB32B1E-8670-445E-AC3A-169F67A1BB63}.Debug|x86.Build.0 = Debug|Any CPU
		{6BB32B1E-8670-445E-AC3A-169F67A1BB63}.Release|Any CPU.ActiveCfg = Release|Any CPU
		{6BB32B1E-8670-445E-AC3A-169F67A1BB63}.Release|Any CPU.Build.0 = Release|Any CPU
		{6BB32B1E-8670-445E-AC3A-169F67A1BB63}.Release|x64.ActiveCfg = Release|Any CPU
		{6BB32B1E-8670-445E-AC3A-169F67A1BB63}.Release|x64.Build.0 = Release|Any CPU
		{6BB32B1E-8670-445E-AC3A-169F67A1BB63}.Release|x86.ActiveCfg = Release|Any CPU
		{6BB32B1E-8670-445E-AC3A-169F67A1BB63}.Release|x86.Build.0 = Release|Any CPU
		{730ADE9D-A69A-4C01-BB94-2B2E0A9DA3E8}.Debug|Any CPU.ActiveCfg = Debug|Any CPU
		{730ADE9D-A69A-4C01-BB94-2B2E0A9DA3E8}.Debug|Any CPU.Build.0 = Debug|Any CPU
		{730ADE9D-A69A-4C01-BB94-2B2E0A9DA3E8}.Debug|x64.ActiveCfg = Debug|Any CPU
		{730ADE9D-A69A-4C01-BB94-2B2E0A9DA3E8}.Debug|x64.Build.0 = Debug|Any CPU
		{730ADE9D-A69A-4C01-BB94-2B2E0A9DA3E8}.Debug|x86.ActiveCfg = Debug|Any CPU
		{730ADE9D-A69A-4C01-BB94-2B2E0A9DA3E8}.Debug|x86.Build.0 = Debug|Any CPU
		{730ADE9D-A69A-4C01-BB94-2B2E0A9DA3E8}.Release|Any CPU.ActiveCfg = Release|Any CPU
		{730ADE9D-A69A-4C01-BB94-2B2E0A9DA3E8}.Release|Any CPU.Build.0 = Release|Any CPU
		{730ADE9D-A69A-4C01-BB94-2B2E0A9DA3E8}.Release|x64.ActiveCfg = Release|Any CPU
		{730ADE9D-A69A-4C01-BB94-2B2E0A9DA3E8}.Release|x64.Build.0 = Release|Any CPU
		{730ADE9D-A69A-4C01-BB94-2B2E0A9DA3E8}.Release|x86.ActiveCfg = Release|Any CPU
		{730ADE9D-A69A-4C01-BB94-2B2E0A9DA3E8}.Release|x86.Build.0 = Release|Any CPU
		{E294BF33-684A-495D-AB3D-786150C11FF2}.Debug|Any CPU.ActiveCfg = Debug|Any CPU
		{E294BF33-684A-495D-AB3D-786150C11FF2}.Debug|Any CPU.Build.0 = Debug|Any CPU
		{E294BF33-684A-495D-AB3D-786150C11FF2}.Debug|x64.ActiveCfg = Debug|Any CPU
		{E294BF33-684A-495D-AB3D-786150C11FF2}.Debug|x64.Build.0 = Debug|Any CPU
		{E294BF33-684A-495D-AB3D-786150C11FF2}.Debug|x86.ActiveCfg = Debug|Any CPU
		{E294BF33-684A-495D-AB3D-786150C11FF2}.Debug|x86.Build.0 = Debug|Any CPU
		{E294BF33-684A-495D-AB3D-786150C11FF2}.Release|Any CPU.ActiveCfg = Release|Any CPU
		{E294BF33-684A-495D-AB3D-786150C11FF2}.Release|Any CPU.Build.0 = Release|Any CPU
		{E294BF33-684A-495D-AB3D-786150C11FF2}.Release|x64.ActiveCfg = Release|Any CPU
		{E294BF33-684A-495D-AB3D-786150C11FF2}.Release|x64.Build.0 = Release|Any CPU
		{E294BF33-684A-495D-AB3D-786150C11FF2}.Release|x86.ActiveCfg = Release|Any CPU
		{E294BF33-684A-495D-AB3D-786150C11FF2}.Release|x86.Build.0 = Release|Any CPU
		{AD2F2C03-1627-4C67-89D3-A0540BA2AF16}.Debug|Any CPU.ActiveCfg = Debug|Any CPU
		{AD2F2C03-1627-4C67-89D3-A0540BA2AF16}.Debug|Any CPU.Build.0 = Debug|Any CPU
		{AD2F2C03-1627-4C67-89D3-A0540BA2AF16}.Debug|x64.ActiveCfg = Debug|Any CPU
		{AD2F2C03-1627-4C67-89D3-A0540BA2AF16}.Debug|x64.Build.0 = Debug|Any CPU
		{AD2F2C03-1627-4C67-89D3-A0540BA2AF16}.Debug|x86.ActiveCfg = Debug|Any CPU
		{AD2F2C03-1627-4C67-89D3-A0540BA2AF16}.Debug|x86.Build.0 = Debug|Any CPU
		{AD2F2C03-1627-4C67-89D3-A0540BA2AF16}.Release|Any CPU.ActiveCfg = Release|Any CPU
		{AD2F2C03-1627-4C67-89D3-A0540BA2AF16}.Release|Any CPU.Build.0 = Release|Any CPU
		{AD2F2C03-1627-4C67-89D3-A0540BA2AF16}.Release|x64.ActiveCfg = Release|Any CPU
		{AD2F2C03-1627-4C67-89D3-A0540BA2AF16}.Release|x64.Build.0 = Release|Any CPU
		{AD2F2C03-1627-4C67-89D3-A0540BA2AF16}.Release|x86.ActiveCfg = Release|Any CPU
		{AD2F2C03-1627-4C67-89D3-A0540BA2AF16}.Release|x86.Build.0 = Release|Any CPU
		{095AB670-89A6-4D4F-8D42-6D75C36BB21F}.Debug|Any CPU.ActiveCfg = Debug|Any CPU
		{095AB670-89A6-4D4F-8D42-6D75C36BB21F}.Debug|Any CPU.Build.0 = Debug|Any CPU
		{095AB670-89A6-4D4F-8D42-6D75C36BB21F}.Debug|x64.ActiveCfg = Debug|Any CPU
		{095AB670-89A6-4D4F-8D42-6D75C36BB21F}.Debug|x64.Build.0 = Debug|Any CPU
		{095AB670-89A6-4D4F-8D42-6D75C36BB21F}.Debug|x86.ActiveCfg = Debug|Any CPU
		{095AB670-89A6-4D4F-8D42-6D75C36BB21F}.Debug|x86.Build.0 = Debug|Any CPU
		{095AB670-89A6-4D4F-8D42-6D75C36BB21F}.Release|Any CPU.ActiveCfg = Release|Any CPU
		{095AB670-89A6-4D4F-8D42-6D75C36BB21F}.Release|Any CPU.Build.0 = Release|Any CPU
		{095AB670-89A6-4D4F-8D42-6D75C36BB21F}.Release|x64.ActiveCfg = Release|Any CPU
		{095AB670-89A6-4D4F-8D42-6D75C36BB21F}.Release|x64.Build.0 = Release|Any CPU
		{095AB670-89A6-4D4F-8D42-6D75C36BB21F}.Release|x86.ActiveCfg = Release|Any CPU
		{095AB670-89A6-4D4F-8D42-6D75C36BB21F}.Release|x86.Build.0 = Release|Any CPU
		{1795DB3F-F926-45E5-B975-BEBD5120F963}.Debug|Any CPU.ActiveCfg = Debug|Any CPU
		{1795DB3F-F926-45E5-B975-BEBD5120F963}.Debug|Any CPU.Build.0 = Debug|Any CPU
		{1795DB3F-F926-45E5-B975-BEBD5120F963}.Debug|x64.ActiveCfg = Debug|Any CPU
		{1795DB3F-F926-45E5-B975-BEBD5120F963}.Debug|x64.Build.0 = Debug|Any CPU
		{1795DB3F-F926-45E5-B975-BEBD5120F963}.Debug|x86.ActiveCfg = Debug|Any CPU
		{1795DB3F-F926-45E5-B975-BEBD5120F963}.Debug|x86.Build.0 = Debug|Any CPU
		{1795DB3F-F926-45E5-B975-BEBD5120F963}.Release|Any CPU.ActiveCfg = Release|Any CPU
		{1795DB3F-F926-45E5-B975-BEBD5120F963}.Release|Any CPU.Build.0 = Release|Any CPU
		{1795DB3F-F926-45E5-B975-BEBD5120F963}.Release|x64.ActiveCfg = Release|Any CPU
		{1795DB3F-F926-45E5-B975-BEBD5120F963}.Release|x64.Build.0 = Release|Any CPU
		{1795DB3F-F926-45E5-B975-BEBD5120F963}.Release|x86.ActiveCfg = Release|Any CPU
		{1795DB3F-F926-45E5-B975-BEBD5120F963}.Release|x86.Build.0 = Release|Any CPU
		{4E214973-30EE-46B7-A547-FF6C7F35F1DA}.Debug|Any CPU.ActiveCfg = Debug|Any CPU
		{4E214973-30EE-46B7-A547-FF6C7F35F1DA}.Debug|Any CPU.Build.0 = Debug|Any CPU
		{4E214973-30EE-46B7-A547-FF6C7F35F1DA}.Debug|x64.ActiveCfg = Debug|Any CPU
		{4E214973-30EE-46B7-A547-FF6C7F35F1DA}.Debug|x64.Build.0 = Debug|Any CPU
		{4E214973-30EE-46B7-A547-FF6C7F35F1DA}.Debug|x86.ActiveCfg = Debug|Any CPU
		{4E214973-30EE-46B7-A547-FF6C7F35F1DA}.Debug|x86.Build.0 = Debug|Any CPU
		{4E214973-30EE-46B7-A547-FF6C7F35F1DA}.Release|Any CPU.ActiveCfg = Release|Any CPU
		{4E214973-30EE-46B7-A547-FF6C7F35F1DA}.Release|Any CPU.Build.0 = Release|Any CPU
		{4E214973-30EE-46B7-A547-FF6C7F35F1DA}.Release|x64.ActiveCfg = Release|Any CPU
		{4E214973-30EE-46B7-A547-FF6C7F35F1DA}.Release|x64.Build.0 = Release|Any CPU
		{4E214973-30EE-46B7-A547-FF6C7F35F1DA}.Release|x86.ActiveCfg = Release|Any CPU
		{4E214973-30EE-46B7-A547-FF6C7F35F1DA}.Release|x86.Build.0 = Release|Any CPU
	EndGlobalSection
	GlobalSection(SolutionProperties) = preSolution
		HideSolutionNode = FALSE
	EndGlobalSection
	GlobalSection(NestedProjects) = preSolution
		{631A6581-7B34-4BCE-9026-CA412DD883F9} = {827E0CD3-B72D-47B6-A68D-7590B98EB39B}
		{6BB32B1E-8670-445E-AC3A-169F67A1BB63} = {827E0CD3-B72D-47B6-A68D-7590B98EB39B}
		{730ADE9D-A69A-4C01-BB94-2B2E0A9DA3E8} = {827E0CD3-B72D-47B6-A68D-7590B98EB39B}
		{E294BF33-684A-495D-AB3D-786150C11FF2} = {827E0CD3-B72D-47B6-A68D-7590B98EB39B}
		{AD2F2C03-1627-4C67-89D3-A0540BA2AF16} = {0AB3BF05-4346-4AA6-1389-037BE0695223}
		{095AB670-89A6-4D4F-8D42-6D75C36BB21F} = {0AB3BF05-4346-4AA6-1389-037BE0695223}
		{1795DB3F-F926-45E5-B975-BEBD5120F963} = {0AB3BF05-4346-4AA6-1389-037BE0695223}
		{4E214973-30EE-46B7-A547-FF6C7F35F1DA} = {0AB3BF05-4346-4AA6-1389-037BE0695223}
	EndGlobalSection
EndGlobal
