
Microsoft Visual Studio Solution File, Format Version 12.00
# Visual Studio Version 17
VisualStudioVersion = 17.13.35825.156 d17.13
MinimumVisualStudioVersion = 10.0.40219.1
Project("{FAE04EC0-301F-11D3-BF4B-00C04F79EFBC}") = "task1_series_sum", "task1_series_sum.csproj", "{A5220133-8235-4439-B3B5-DD1C20E89DA6}"
EndProject
Global
	GlobalSection(SolutionConfigurationPlatforms) = preSolution
		Debug|Any CPU = Debug|Any CPU
		Release|Any CPU = Release|Any CPU
	EndGlobalSection
	GlobalSection(ProjectConfigurationPlatforms) = postSolution
		{A5220133-8235-4439-B3B5-DD1C20E89DA6}.Debug|Any CPU.ActiveCfg = Debug|Any CPU
		{A5220133-8235-4439-B3B5-DD1C20E89DA6}.Debug|Any CPU.Build.0 = Debug|Any CPU
		{A5220133-8235-4439-B3B5-DD1C20E89DA6}.Release|Any CPU.ActiveCfg = Release|Any CPU
		{A5220133-8235-4439-B3B5-DD1C20E89DA6}.Release|Any CPU.Build.0 = Release|Any CPU
	EndGlobalSection
	GlobalSection(SolutionProperties) = preSolution
		HideSolutionNode = FALSE
	EndGlobalSection
	GlobalSection(ExtensibilityGlobals) = postSolution
		SolutionGuid = {38D3E53C-9C9A-4DCA-B1BE-9A7E9EF25BF7}
	EndGlobalSection
EndGlobal
