
Microsoft Visual Studio Solution File, Format Version 12.00
# Visual Studio Version 17
VisualStudioVersion = 17.13.35825.156 d17.13
MinimumVisualStudioVersion = 10.0.40219.1
Project("{FAE04EC0-301F-11D3-BF4B-00C04F79EFBC}") = "task4_first_even_product", "task4_first_even_product.csproj", "{164811CF-4F0B-4C1A-8C34-7CC3B0A3DB02}"
EndProject
Global
	GlobalSection(SolutionConfigurationPlatforms) = preSolution
		Debug|Any CPU = Debug|Any CPU
		Release|Any CPU = Release|Any CPU
	EndGlobalSection
	GlobalSection(ProjectConfigurationPlatforms) = postSolution
		{164811CF-4F0B-4C1A-8C34-7CC3B0A3DB02}.Debug|Any CPU.ActiveCfg = Debug|Any CPU
		{164811CF-4F0B-4C1A-8C34-7CC3B0A3DB02}.Debug|Any CPU.Build.0 = Debug|Any CPU
		{164811CF-4F0B-4C1A-8C34-7CC3B0A3DB02}.Release|Any CPU.ActiveCfg = Release|Any CPU
		{164811CF-4F0B-4C1A-8C34-7CC3B0A3DB02}.Release|Any CPU.Build.0 = Release|Any CPU
	EndGlobalSection
	GlobalSection(SolutionProperties) = preSolution
		HideSolutionNode = FALSE
	EndGlobalSection
	GlobalSection(ExtensibilityGlobals) = postSolution
		SolutionGuid = {10FCCA82-AAFD-41EB-97E8-B0A008BD9DE9}
	EndGlobalSection
EndGlobal
