
Microsoft Visual Studio Solution File, Format Version 12.00
# Visual Studio Version 17
VisualStudioVersion = 17.13.35825.156 d17.13
MinimumVisualStudioVersion = 10.0.40219.1
Project("{FAE04EC0-301F-11D3-BF4B-00C04F79EFBC}") = "task2_factorial_diff", "task2_factorial_diff.csproj", "{754971CB-0CB2-4ADA-BBE3-6DE71B5079A2}"
EndProject
Global
	GlobalSection(SolutionConfigurationPlatforms) = preSolution
		Debug|Any CPU = Debug|Any CPU
		Release|Any CPU = Release|Any CPU
	EndGlobalSection
	GlobalSection(ProjectConfigurationPlatforms) = postSolution
		{754971CB-0CB2-4ADA-BBE3-6DE71B5079A2}.Debug|Any CPU.ActiveCfg = Debug|Any CPU
		{754971CB-0CB2-4ADA-BBE3-6DE71B5079A2}.Debug|Any CPU.Build.0 = Debug|Any CPU
		{754971CB-0CB2-4ADA-BBE3-6DE71B5079A2}.Release|Any CPU.ActiveCfg = Release|Any CPU
		{754971CB-0CB2-4ADA-BBE3-6DE71B5079A2}.Release|Any CPU.Build.0 = Release|Any CPU
	EndGlobalSection
	GlobalSection(SolutionProperties) = preSolution
		HideSolutionNode = FALSE
	EndGlobalSection
	GlobalSection(ExtensibilityGlobals) = postSolution
		SolutionGuid = {9EDD3028-E2CB-4E05-B53A-8DBC275B9420}
	EndGlobalSection
EndGlobal
